
Microsoft Visual Studio Solution File, Format Version 12.00
# Visual Studio 2012
Project("{FAE04EC0-301F-11D3-BF4B-00C04F79EFBC}") = "Proofted.Web", "Proofted.Web\Proofted.Web.csproj", "{76B6B52A-0DC1-42E6-B768-F7E786FAB016}"
EndProject
Project("{FAE04EC0-301F-11D3-BF4B-00C04F79EFBC}") = "Proofted.Web.Tests", "Proofted.Web.Tests\Proofted.Web.Tests.csproj", "{0E45BBC2-5193-46EF-97F4-9FA7B4280D51}"
EndProject
Global
	GlobalSection(SolutionConfigurationPlatforms) = preSolution
		Debug|Any CPU = Debug|Any CPU
		Release|Any CPU = Release|Any CPU
	EndGlobalSection
	GlobalSection(ProjectConfigurationPlatforms) = postSolution
		{76B6B52A-0DC1-42E6-B768-F7E786FAB016}.Debug|Any CPU.ActiveCfg = Debug|Any CPU
		{76B6B52A-0DC1-42E6-B768-F7E786FAB016}.Debug|Any CPU.Build.0 = Debug|Any CPU
		{76B6B52A-0DC1-42E6-B768-F7E786FAB016}.Release|Any CPU.ActiveCfg = Release|Any CPU
		{76B6B52A-0DC1-42E6-B768-F7E786FAB016}.Release|Any CPU.Build.0 = Release|Any CPU
		{0E45BBC2-5193-46EF-97F4-9FA7B4280D51}.Debug|Any CPU.ActiveCfg = Debug|Any CPU
		{0E45BBC2-5193-46EF-97F4-9FA7B4280D51}.Debug|Any CPU.Build.0 = Debug|Any CPU
		{0E45BBC2-5193-46EF-97F4-9FA7B4280D51}.Release|Any CPU.ActiveCfg = Release|Any CPU
		{0E45BBC2-5193-46EF-97F4-9FA7B4280D51}.Release|Any CPU.Build.0 = Release|Any CPU
	EndGlobalSection
	GlobalSection(SolutionProperties) = preSolution
		HideSolutionNode = FALSE
	EndGlobalSection
EndGlobal
